
Microsoft Visual Studio Solution File, Format Version 12.00
# Visual Studio Version 16
VisualStudioVersion = 16.0.29613.14
MinimumVisualStudioVersion = 10.0.40219.1
Project("{FAE04EC0-301F-11D3-BF4B-00C04F79EFBC}") = "MegaDesk-Mosher", "MegaDesk-Mosher\MegaDesk-Mosher.csproj", "{CD8F26C4-D886-4899-B8CC-0523ECC9461B}"
EndProject
Global
	GlobalSection(SolutionConfigurationPlatforms) = preSolution
		Debug|Any CPU = Debug|Any CPU
		Release|Any CPU = Release|Any CPU
	EndGlobalSection
	GlobalSection(ProjectConfigurationPlatforms) = postSolution
		{CD8F26C4-D886-4899-B8CC-0523ECC9461B}.Debug|Any CPU.ActiveCfg = Debug|Any CPU
		{CD8F26C4-D886-4899-B8CC-0523ECC9461B}.Debug|Any CPU.Build.0 = Debug|Any CPU
		{CD8F26C4-D886-4899-B8CC-0523ECC9461B}.Release|Any CPU.ActiveCfg = Release|Any CPU
		{CD8F26C4-D886-4899-B8CC-0523ECC9461B}.Release|Any CPU.Build.0 = Release|Any CPU
	EndGlobalSection
	GlobalSection(SolutionProperties) = preSolution
		HideSolutionNode = FALSE
	EndGlobalSection
	GlobalSection(ExtensibilityGlobals) = postSolution
		SolutionGuid = {386C33AE-C15F-46B5-B67E-AF4F8E580867}
	EndGlobalSection
EndGlobal
