
Microsoft Visual Studio Solution File, Format Version 12.00
# Visual Studio Version 16
VisualStudioVersion = 16.0.29613.14
MinimumVisualStudioVersion = 10.0.40219.1
Project("{FAE04EC0-301F-11D3-BF4B-00C04F79EFBC}") = "MathQuiz", "MathQuiz\MathQuiz.csproj", "{3B570979-F6BC-4350-B0D8-251207B3D8C0}"
EndProject
Global
	GlobalSection(SolutionConfigurationPlatforms) = preSolution
		Debug|Any CPU = Debug|Any CPU
		Release|Any CPU = Release|Any CPU
	EndGlobalSection
	GlobalSection(ProjectConfigurationPlatforms) = postSolution
		{3B570979-F6BC-4350-B0D8-251207B3D8C0}.Debug|Any CPU.ActiveCfg = Debug|Any CPU
		{3B570979-F6BC-4350-B0D8-251207B3D8C0}.Debug|Any CPU.Build.0 = Debug|Any CPU
		{3B570979-F6BC-4350-B0D8-251207B3D8C0}.Release|Any CPU.ActiveCfg = Release|Any CPU
		{3B570979-F6BC-4350-B0D8-251207B3D8C0}.Release|Any CPU.Build.0 = Release|Any CPU
	EndGlobalSection
	GlobalSection(SolutionProperties) = preSolution
		HideSolutionNode = FALSE
	EndGlobalSection
	GlobalSection(ExtensibilityGlobals) = postSolution
		SolutionGuid = {BD8DB6F5-B0AC-4205-A3E7-D95FF82CEC6E}
	EndGlobalSection
EndGlobal
